
Microsoft Visual Studio Solution File, Format Version 12.00
# Visual Studio Version 17
VisualStudioVersion = 17.8.34511.84
MinimumVisualStudioVersion = 10.0.40219.1
Project("{FAE04EC0-301F-11D3-BF4B-00C04F79EFBC}") = "Webapp", "Webapp\Webapp.csproj", "{028B2281-F6ED-42E6-AC71-8D54FFA414A2}"
EndProject
Global
	GlobalSection(SolutionConfigurationPlatforms) = preSolution
		Debug|Any CPU = Debug|Any CPU
		Release|Any CPU = Release|Any CPU
	EndGlobalSection
	GlobalSection(ProjectConfigurationPlatforms) = postSolution
		{028B2281-F6ED-42E6-AC71-8D54FFA414A2}.Debug|Any CPU.ActiveCfg = Debug|Any CPU
		{028B2281-F6ED-42E6-AC71-8D54FFA414A2}.Debug|Any CPU.Build.0 = Debug|Any CPU
		{028B2281-F6ED-42E6-AC71-8D54FFA414A2}.Release|Any CPU.ActiveCfg = Release|Any CPU
		{028B2281-F6ED-42E6-AC71-8D54FFA414A2}.Release|Any CPU.Build.0 = Release|Any CPU
	EndGlobalSection
	GlobalSection(SolutionProperties) = preSolution
		HideSolutionNode = FALSE
	EndGlobalSection
	GlobalSection(ExtensibilityGlobals) = postSolution
		SolutionGuid = {99E3E510-E946-4FDE-B795-7E11F6155894}
	EndGlobalSection
EndGlobal
